{
    "_meta": {
        "hash": {
            "sha256": "4d5b4af4cf23a90bde329c464d5448e61ae9d4568a523632acb79219768ac197"
        },
        "pipfile-spec": 6,
        "requires": {
            "python_version": "3.9"
        },
        "sources": [
            {
                "name": "pypi",
                "url": "https://pypi.org/simple",
                "verify_ssl": true
            }
        ]
    },
    "default": {
        "asgiref": {
            "hashes": [
                "sha256:89b2ef2247e3b562a16eef663bc0e2e703ec6468e2fa8a5cd61cd449786d4f6e",
                "sha256:9e0ce3aa93a819ba5b45120216b23878cf6e8525eb3848653452b4192b92afed"
            ],
            "markers": "python_version >= '3.7'",
            "version": "==3.7.2"
        },
        "django": {
            "hashes": [
                "sha256:45a747e1c5b3d6df1b141b1481e193b033fd1fdbda3ff52677dc81afdaacbaed",
                "sha256:f7c7852a5ac5a3da5a8d5b35cc6168f31b605971441798dac845f17ca8028039"
            ],
            "index": "pypi",
            "version": "==4.2.3"
        },
        "python-environ": {
            "hashes": [
                "sha256:6249a14057f95aba3b4906d73276f770e01e659f8098b3f3b34295feac42865b"
            ],
            "index": "pypi",
            "version": "==0.4.54"
        },
        "sqlparse": {
            "hashes": [
                "sha256:5430a4fe2ac7d0f93e66f1efc6e1338a41884b7ddf2a350cedd20ccc4d9d28f3",
                "sha256:d446183e84b8349fa3061f0fe7f06ca94ba65b426946ffebe6e3e8295332420c"
            ],
            "markers": "python_version >= '3.5'",
            "version": "==0.4.4"
        },
        "typing-extensions": {
            "hashes": [
                "sha256:440d5dd3af93b060174bf433bccd69b0babc3b15b1a8dca43789fd7f61514b36",
                "sha256:b75ddc264f0ba5615db7ba217daeb99701ad295353c45f9e95963337ceeeffb2"
            ],
            "index": "pypi",
            "version": "==4.7.1"
        },
        "whitenoise": {
            "hashes": [
                "sha256:08c42bc535f9777eea1a599289d9433f081921f97887eaf6f559446b2a080374",
                "sha256:5a4aff543ee860fbe40d743e556adf92ccd41b7df45697cae074afdf657056b9"
            ],
            "index": "pypi",
            "version": "==6.0.0"
        }
    },
    "develop": {}
}
